Microsoft Visual Studio Solution File, Format Version 12.00
# Visual Studio 15
VisualStudioVersion = 15.0.27004.2008
MinimumVisualStudioVersion = 15.0.26124.0
Project("{9A19103F-16F7-4668-BE54-9A1E7A4F7556}") = "PrimeService", "PrimeService\PrimeService.csproj", "{35C8F259-EC9C-4B70-AA01-EB88678D3380}"
EndProject
Project("{9A19103F-16F7-4668-BE54-9A1E7A4F7556}") = "PrimeService.Tests", "PrimeService.Tests\PrimeService.Tests.csproj", "{C8464CDB-9F4B-4A03-BD82-F5E91E0B5D79}"
EndProject
Global
	GlobalSection(SolutionConfigurationPlatforms) = preSolution
		Debug|Any CPU = Debug|Any CPU
		Debug|x64 = Debug|x64
		Debug|x86 = Debug|x86
		Release|Any CPU = Release|Any CPU
		Release|x64 = Release|x64
		Release|x86 = Release|x86
	EndGlobalSection
	GlobalSection(ProjectConfigurationPlatforms) = postSolution
		{35C8F259-EC9C-4B70-AA01-EB88678D3380}.Debug|Any CPU.ActiveCfg = Debug|Any CPU
		{35C8F259-EC9C-4B70-AA01-EB88678D3380}.Debug|Any CPU.Build.0 = Debug|Any CPU
		{35C8F259-EC9C-4B70-AA01-EB88678D3380}.Debug|x64.ActiveCfg = Debug|Any CPU
		{35C8F259-EC9C-4B70-AA01-EB88678D3380}.Debug|x64.Build.0 = Debug|Any CPU
		{35C8F259-EC9C-4B70-AA01-EB88678D3380}.Debug|x86.ActiveCfg = Debug|Any CPU
		{35C8F259-EC9C-4B70-AA01-EB88678D3380}.Debug|x86.Build.0 = Debug|Any CPU
		{35C8F259-EC9C-4B70-AA01-EB88678D3380}.Release|Any CPU.ActiveCfg = Release|Any CPU
		{35C8F259-EC9C-4B70-AA01-EB88678D3380}.Release|Any CPU.Build.0 = Release|Any CPU
		{35C8F259-EC9C-4B70-AA01-EB88678D3380}.Release|x64.ActiveCfg = Release|Any CPU
		{35C8F259-EC9C-4B70-AA01-EB88678D3380}.Release|x64.Build.0 = Release|Any CPU
		{35C8F259-EC9C-4B70-AA01-EB88678D3380}.Release|x86.ActiveCfg = Release|Any CPU
		{35C8F259-EC9C-4B70-AA01-EB88678D3380}.Release|x86.Build.0 = Release|Any CPU
		{C8464CDB-9F4B-4A03-BD82-F5E91E0B5D79}.Debug|Any CPU.ActiveCfg = Debug|Any CPU
		{C8464CDB-9F4B-4A03-BD82-F5E91E0B5D79}.Debug|Any CPU.Build.0 = Debug|Any CPU
		{C8464CDB-9F4B-4A03-BD82-F5E91E0B5D79}.Debug|x64.ActiveCfg = Debug|Any CPU
		{C8464CDB-9F4B-4A03-BD82-F5E91E0B5D79}.Debug|x64.Build.0 = Debug|Any CPU
		{C8464CDB-9F4B-4A03-BD82-F5E91E0B5D79}.Debug|x86.ActiveCfg = Debug|Any CPU
		{C8464CDB-9F4B-4A03-BD82-F5E91E0B5D79}.Debug|x86.Build.0 = Debug|Any CPU
		{C8464CDB-9F4B-4A03-BD82-F5E91E0B5D79}.Release|Any CPU.ActiveCfg = Release|Any CPU
		{C8464CDB-9F4B-4A03-BD82-F5E91E0B5D79}.Release|Any CPU.Build.0 = Release|Any CPU
		{C8464CDB-9F4B-4A03-BD82-F5E91E0B5D79}.Release|x64.ActiveCfg = Release|Any CPU
		{C8464CDB-9F4B-4A03-BD82-F5E91E0B5D79}.Release|x64.Build.0 = Release|Any CPU
		{C8464CDB-9F4B-4A03-BD82-F5E91E0B5D79}.Release|x86.ActiveCfg = Release|Any CPU
		{C8464CDB-9F4B-4A03-BD82-F5E91E0B5D79}.Release|x86.Build.0 = Release|Any CPU
	EndGlobalSection
	GlobalSection(SolutionProperties) = preSolution
		HideSolutionNode = FALSE
	EndGlobalSection
	GlobalSection(ExtensibilityGlobals) = postSolution
		SolutionGuid = {C65B9C77-2D0C-4D40-BFEA-DB57A47E97A9}
	EndGlobalSection
EndGlobal
